// !$*UTF8*$!
{
	archiveVersion = 1;
	classes = {
	};
	objectVersion = 46;
	objects = {

/* Begin PBXBuildFile section */
		2A2402291701EE9D005692C3 /* Cocoa.framework in Frameworks */ = {isa = PBXBuildFile; fileRef = 2A2402281701EE9D005692C3 /* Cocoa.framework */; };
		2A2402331701EE9D005692C3 /* InfoPlist.strings in Resources */ = {isa = PBXBuildFile; fileRef = 2A2402311701EE9D005692C3 /* InfoPlist.strings */; };
		2A2402351701EE9D005692C3 /* main.m in Sources */ = {isa = PBXBuildFile; fileRef = 2A2402341701EE9D005692C3 /* main.m */; };
		2A2402391701EE9D005692C3 /* Credits.rtf in Resources */ = {isa = PBXBuildFile; fileRef = 2A2402371701EE9D005692C3 /* Credits.rtf */; };
		2A24023C1701EE9D005692C3 /* AppDelegate.m in Sources */ = {isa = PBXBuildFile; fileRef = 2A24023B1701EE9D005692C3 /* AppDelegate.m */; };
		2A24023F1701EE9D005692C3 /* MainMenu.xib in Resources */ = {isa = PBXBuildFile; fileRef = 2A24023D1701EE9D005692C3 /* MainMenu.xib */; };
/* End PBXBuildFile section */

/* Begin PBXFileReference section */
		2A2402251701EE9D005692C3 /* PngDoData.app */ = {isa = PBXFileReference; explicitFileType = wrapper.application; includeInIndex = 0; path = PngDoData.app; sourceTree = BUILT_PRODUCTS_DIR; };
		2A2402281701EE9D005692C3 /* Cocoa.framework */ = {isa = PBXFileReference; lastKnownFileType = wrapper.framework; name = Cocoa.framework; path = System/Library/Frameworks/Cocoa.framework; sourceTree = SDKROOT; };
		2A24022B1701EE9D005692C3 /* AppKit.framework */ = {isa = PBXFileReference; lastKnownFileType = wrapper.framework; name = AppKit.framework; path = System/Library/Frameworks/AppKit.framework; sourceTree = SDKROOT; };
		2A24022C1701EE9D005692C3 /* CoreData.framework */ = {isa = PBXFileReference; lastKnownFileType = wrapper.framework; name = CoreData.framework; path = System/Library/Frameworks/CoreData.framework; sourceTree = SDKROOT; };
		2A24022D1701EE9D005692C3 /* Foundation.framework */ = {isa = PBXFileReference; lastKnownFileType = wrapper.framework; name = Foundation.framework; path = System/Library/Frameworks/Foundation.framework; sourceTree = SDKROOT; };
		2A2402301701EE9D005692C3 /* PngDoData-Info.plist */ = {isa = PBXFileReference; lastKnownFileType = text.plist.xml; path = "PngDoData-Info.plist"; sourceTree = "<group>"; };
		2A2402321701EE9D005692C3 /* en */ = {isa = PBXFileReference; lastKnownFileType = text.plist.strings; name = en; path = en.lproj/InfoPlist.strings; sourceTree = "<group>"; };
		2A2402341701EE9D005692C3 /* main.m */ = {isa = PBXFileReference; lastKnownFileType = sourcecode.c.objc; path = main.m; sourceTree = "<group>"; };
		2A2402361701EE9D005692C3 /* PngDoData-Prefix.pch */ = {isa = PBXFileReference; lastKnownFileType = sourcecode.c.h; path = "PngDoData-Prefix.pch"; sourceTree = "<group>"; };
		2A2402381701EE9D005692C3 /* en */ = {isa = PBXFileReference; lastKnownFileType = text.rtf; name = en; path = en.lproj/Credits.rtf; sourceTree = "<group>"; };
		2A24023A1701EE9D005692C3 /* AppDelegate.h */ = {isa = PBXFileReference; lastKnownFileType = sourcecode.c.h; path = AppDelegate.h; sourceTree = "<group>"; };
		2A24023B1701EE9D005692C3 /* AppDelegate.m */ = {isa = PBXFileReference; lastKnownFileType = sourcecode.c.objc; path = AppDelegate.m; sourceTree = "<group>"; };
		2A24023E1701EE9D005692C3 /* en */ = {isa = PBXFileReference; lastKnownFileType = file.xib; name = en; path = en.lproj/MainMenu.xib; sourceTree = "<group>"; };
/* End PBXFileReference section */

/* Begin PBXFrameworksBuildPhase section */
		2A2402221701EE9D005692C3 /* Frameworks */ = {
			isa = PBXFrameworksBuildPhase;
			buildActionMask = 2147483647;
			files = (
				2A2402291701EE9D005692C3 /* Cocoa.framework in Frameworks */,
			);
			runOnlyForDeploymentPostprocessing = 0;
		};
/* End PBXFrameworksBuildPhase section */

/* Begin PBXGroup section */
		2A24021C1701EE9D005692C3 = {
			isa = PBXGroup;
			children = (
				2A24022E1701EE9D005692C3 /* PngDoData */,
				2A2402271701EE9D005692C3 /* Frameworks */,
				2A2402261701EE9D005692C3 /* Products */,
			);
			sourceTree = "<group>";
		};
		2A2402261701EE9D005692C3 /* Products */ = {
			isa = PBXGroup;
			children = (
				2A2402251701EE9D005692C3 /* PngDoData.app */,
			);
			name = Products;
			sourceTree = "<group>";
		};
		2A2402271701EE9D005692C3 /* Frameworks */ = {
			isa = PBXGroup;
			children = (
				2A2402281701EE9D005692C3 /* Cocoa.framework */,
				2A24022A1701EE9D005692C3 /* Other Frameworks */,
			);
			name = Frameworks;
			sourceTree = "<group>";
		};
		2A24022A1701EE9D005692C3 /* Other Frameworks */ = {
			isa = PBXGroup;
			children = (
				2A24022B1701EE9D005692C3 /* AppKit.framework */,
				2A24022C1701EE9D005692C3 /* CoreData.framework */,
				2A24022D1701EE9D005692C3 /* Foundation.framework */,
			);
			name = "Other Frameworks";
			sourceTree = "<group>";
		};
		2A24022E1701EE9D005692C3 /* PngDoData */ = {
			isa = PBXGroup;
			children = (
				2A24023A1701EE9D005692C3 /* AppDelegate.h */,
				2A24023B1701EE9D005692C3 /* AppDelegate.m */,
				2A24023D1701EE9D005692C3 /* MainMenu.xib */,
				2A24022F1701EE9D005692C3 /* Supporting Files */,
			);
			path = PngDoData;
			sourceTree = "<group>";
		};
		2A24022F1701EE9D005692C3 /* Supporting Files */ = {
			isa = PBXGroup;
			children = (
				2A2402301701EE9D005692C3 /* PngDoData-Info.plist */,
				2A2402311701EE9D005692C3 /* InfoPlist.strings */,
				2A2402341701EE9D005692C3 /* main.m */,
				2A2402361701EE9D005692C3 /* PngDoData-Prefix.pch */,
				2A2402371701EE9D005692C3 /* Credits.rtf */,
			);
			name = "Supporting Files";
			sourceTree = "<group>";
		};
/* End PBXGroup section */

/* Begin PBXNativeTarget section */
		2A2402241701EE9D005692C3 /* PngDoData */ = {
			isa = PBXNativeTarget;
			buildConfigurationList = 2A2402421701EE9D005692C3 /* Build configuration list for PBXNativeTarget "PngDoData" */;
			buildPhases = (
				2A2402211701EE9D005692C3 /* Sources */,
				2A2402221701EE9D005692C3 /* Frameworks */,
				2A2402231701EE9D005692C3 /* Resources */,
			);
			buildRules = (
			);
			dependencies = (
			);
			name = PngDoData;
			productName = PngDoData;
			productReference = 2A2402251701EE9D005692C3 /* PngDoData.app */;
			productType = "com.apple.product-type.application";
		};
/* End PBXNativeTarget section */

/* Begin PBXProject section */
		2A24021D1701EE9D005692C3 /* Project object */ = {
			isa = PBXProject;
			attributes = {
				LastUpgradeCheck = 0460;
				ORGANIZATIONNAME = "Roman Nazarkevych";
			};
			buildConfigurationList = 2A2402201701EE9D005692C3 /* Build configuration list for PBXProject "PngDoData" */;
			compatibilityVersion = "Xcode 3.2";
			developmentRegion = English;
			hasScannedForEncodings = 0;
			knownRegions = (
				en,
			);
			mainGroup = 2A24021C1701EE9D005692C3;
			productRefGroup = 2A2402261701EE9D005692C3 /* Products */;
			projectDirPath = "";
			projectRoot = "";
			targets = (
				2A2402241701EE9D005692C3 /* PngDoData */,
			);
		};
/* End PBXProject section */

/* Begin PBXResourcesBuildPhase section */
		2A2402231701EE9D005692C3 /* Resources */ = {
			isa = PBXResourcesBuildPhase;
			buildActionMask = 2147483647;
			files = (
				2A2402331701EE9D005692C3 /* InfoPlist.strings in Resources */,
				2A2402391701EE9D005692C3 /* Credits.rtf in Resources */,
				2A24023F1701EE9D005692C3 /* MainMenu.xib in Resources */,
			);
			runOnlyForDeploymentPostprocessing = 0;
		};
/* End PBXResourcesBuildPhase section */

/* Begin PBXSourcesBuildPhase section */
		2A2402211701EE9D005692C3 /* Sources */ = {
			isa = PBXSourcesBuildPhase;
			buildActionMask = 2147483647;
			files = (
				2A2402351701EE9D005692C3 /* main.m in Sources */,
				2A24023C1701EE9D005692C3 /* AppDelegate.m in Sources */,
			);
			runOnlyForDeploymentPostprocessing = 0;
		};
/* End PBXSourcesBuildPhase section */

/* Begin PBXVariantGroup section */
		2A2402311701EE9D005692C3 /* InfoPlist.strings */ = {
			isa = PBXVariantGroup;
			children = (
				2A2402321701EE9D005692C3 /* en */,
			);
			name = InfoPlist.strings;
			sourceTree = "<group>";
		};
		2A2402371701EE9D005692C3 /* Credits.rtf */ = {
			isa = PBXVariantGroup;
			children = (
				2A2402381701EE9D005692C3 /* en */,
			);
			name = Credits.rtf;
			sourceTree = "<group>";
		};
		2A24023D1701EE9D005692C3 /* MainMenu.xib */ = {
			isa = PBXVariantGroup;
			children = (
				2A24023E1701EE9D005692C3 /* en */,
			);
			name = MainMenu.xib;
			sourceTree = "<group>";
		};
/* End PBXVariantGroup section */

/* Begin XCBuildConfiguration section */
		2A2402401701EE9D005692C3 /* Debug */ = {
			isa = XCBuildConfiguration;
			buildSettings = {
				ALWAYS_SEARCH_USER_PATHS = NO;
				ARCHS = "$(ARCHS_STANDARD_64_BIT)";
				CLANG_CXX_LANGUAGE_STANDARD = "gnu++0x";
				CLANG_CXX_LIBRARY = "libc++";
				CLANG_ENABLE_OBJC_ARC = YES;
				CLANG_WARN_CONSTANT_CONVERSION = YES;
				CLANG_WARN_EMPTY_BODY = YES;
				CLANG_WARN_ENUM_CONVERSION = YES;
				CLANG_WARN_INT_CONVERSION = YES;
				CLANG_WARN__DUPLICATE_METHOD_MATCH = YES;
				COPY_PHASE_STRIP = NO;
				GCC_C_LANGUAGE_STANDARD = gnu99;
				GCC_DYNAMIC_NO_PIC = NO;
				GCC_ENABLE_OBJC_EXCEPTIONS = YES;
				GCC_OPTIMIZATION_LEVEL = 0;
				GCC_PREPROCESSOR_DEFINITIONS = (
					"DEBUG=1",
					"$(inherited)",
				);
				GCC_SYMBOLS_PRIVATE_EXTERN = NO;
				GCC_WARN_64_TO_32_BIT_CONVERSION = YES;
				GCC_WARN_ABOUT_RETURN_TYPE = YES;
				GCC_WARN_UNINITIALIZED_AUTOS = YES;
				GCC_WARN_UNUSED_VARIABLE = YES;
				MACOSX_DEPLOYMENT_TARGET = 10.8;
				ONLY_ACTIVE_ARCH = YES;
				SDKROOT = macosx;
			};
			name = Debug;
		};
		2A2402411701EE9D005692C3 /* Release */ = {
			isa = XCBuildConfiguration;
			buildSettings = {
				ALWAYS_SEARCH_USER_PATHS = NO;
				ARCHS = "$(ARCHS_STANDARD_64_BIT)";
				CLANG_CXX_LANGUAGE_STANDARD = "gnu++0x";
				CLANG_CXX_LIBRARY = "libc++";
				CLANG_ENABLE_OBJC_ARC = YES;
				CLANG_WARN_CONSTANT_CONVERSION = YES;
				CLANG_WARN_EMPTY_BODY = YES;
				CLANG_WARN_ENUM_CONVERSION = YES;
				CLANG_WARN_INT_CONVERSION = YES;
				CLANG_WARN__DUPLICATE_METHOD_MATCH = YES;
				COPY_PHASE_STRIP = YES;
				DEBUG_INFORMATION_FORMAT = "dwarf-with-dsym";
				GCC_C_LANGUAGE_STANDARD = gnu99;
				GCC_ENABLE_OBJC_EXCEPTIONS = YES;
				GCC_WARN_64_TO_32_BIT_CONVERSION = YES;
				GCC_WARN_ABOUT_RETURN_TYPE = YES;
				GCC_WARN_UNINITIALIZED_AUTOS = YES;
				GCC_WARN_UNUSED_VARIABLE = YES;
				MACOSX_DEPLOYMENT_TARGET = 10.8;
				SDKROOT = macosx;
			};
			name = Release;
		};
		2A2402431701EE9D005692C3 /* Debug */ = {
			isa = XCBuildConfiguration;
			buildSettings = {
				COMBINE_HIDPI_IMAGES = YES;
				GCC_PRECOMPILE_PREFIX_HEADER = YES;
				GCC_PREFIX_HEADER = "PngDoData/PngDoData-Prefix.pch";
				INFOPLIST_FILE = "PngDoData/PngDoData-Info.plist";
				PRODUCT_NAME = "$(TARGET_NAME)";
				WRAPPER_EXTENSION = app;
			};
			name = Debug;
		};
		2A2402441701EE9D005692C3 /* Release */ = {
			isa = XCBuildConfiguration;
			buildSettings = {
				COMBINE_HIDPI_IMAGES = YES;
				GCC_PRECOMPILE_PREFIX_HEADER = YES;
				GCC_PREFIX_HEADER = "PngDoData/PngDoData-Prefix.pch";
				INFOPLIST_FILE = "PngDoData/PngDoData-Info.plist";
				PRODUCT_NAME = "$(TARGET_NAME)";
				WRAPPER_EXTENSION = app;
			};
			name = Release;
		};
/* End XCBuildConfiguration section */

/* Begin XCConfigurationList section */
		2A2402201701EE9D005692C3 /* Build configuration list for PBXProject "PngDoData" */ = {
			isa = XCConfigurationList;
			buildConfigurations = (
				2A2402401701EE9D005692C3 /* Debug */,
				2A2402411701EE9D005692C3 /* Release */,
			);
			defaultConfigurationIsVisible = 0;
			defaultConfigurationName = Release;
		};
		2A2402421701EE9D005692C3 /* Build configuration list for PBXNativeTarget "PngDoData" */ = {
			isa = XCConfigurationList;
			buildConfigurations = (
				2A2402431701EE9D005692C3 /* Debug */,
				2A2402441701EE9D005692C3 /* Release */,
			);
			defaultConfigurationIsVisible = 0;
			defaultConfigurationName = Release;
		};
/* End XCConfigurationList section */
	};
	rootObject = 2A24021D1701EE9D005692C3 /* Project object */;
}
